{
  "name": "functional-js-2020",
  "version": "1.0.0",
  "lockfileVersion": 1,
  "requires": true,
  "dependencies": {
    "fluture": {
      "version": "12.2.0",
      "resolved": "https://registry.npmjs.org/fluture/-/fluture-12.2.0.tgz",
      "integrity": "sha512-3Hs5gGA5/o1Fkz7jXndR6FStKD3VXJdto8WWvSMY5MRm0u6tJ51kxn/V+hpbSkkSlYd7TZ0hUVJ07iJPP7DS2w==",
      "requires": {
        "sanctuary-show": "^2.0.0",
        "sanctuary-type-identifiers": "^2.0.0"
      }
    },
    "immutable": {
      "version": "4.0.0-rc.12",
      "resolved": "https://registry.npmjs.org/immutable/-/immutable-4.0.0-rc.12.tgz",
      "integrity": "sha512-0M2XxkZLx/mi3t8NVwIm1g8nHoEmM9p9UBl/G9k4+hm0kBgOVdMV/B3CY5dQ8qG8qc80NN4gDV4HQv6FTJ5q7A==",
      "dev": true
    },
    "immutable-ext": {
      "version": "1.1.5",
      "resolved": "https://registry.npmjs.org/immutable-ext/-/immutable-ext-1.1.5.tgz",
      "integrity": "sha1-PN8noGdSfIWBe/FhoNrRNh7Vecs=",
      "dev": true
    },
    "ramda": {
      "version": "0.27.0",
      "resolved": "https://registry.npmjs.org/ramda/-/ramda-0.27.0.tgz",
      "integrity": "sha512-pVzZdDpWwWqEVVLshWUHjNwuVP7SfcmPraYuqocJp1yo2U1R7P+5QAfDhdItkuoGqIBnBYrtPp7rEPqDn9HlZA=="
    },
    "ramda-x": {
      "version": "1.0.11",
      "resolved": "https://registry.npmjs.org/ramda-x/-/ramda-x-1.0.11.tgz",
      "integrity": "sha512-qK6Dq7Yc+j/3mgbzi/heaaQe0CNvS41DPRncJ/+5QUIop9W/5w8M6EOCDoqDfGb39dKA+xtRMfvkQrVuFojqIw=="
    },
    "sanctuary": {
      "version": "3.0.0",
      "resolved": "https://registry.npmjs.org/sanctuary/-/sanctuary-3.0.0.tgz",
      "integrity": "sha512-SUenKFdibPWHXT398gIGoBTY2RHcSf8lHwU8TuDDUtE+U8wXMhrRCLqQDbBLGf0mi//zS52e6LGfNVR1z3Zb7w==",
      "requires": {
        "sanctuary-def": "0.21.1",
        "sanctuary-either": "2.1.0",
        "sanctuary-maybe": "2.1.0",
        "sanctuary-pair": "2.1.0",
        "sanctuary-show": "2.0.0",
        "sanctuary-type-classes": "12.1.0",
        "sanctuary-type-identifiers": "3.0.0"
      },
      "dependencies": {
        "sanctuary-type-identifiers": {
          "version": "3.0.0",
          "resolved": "https://registry.npmjs.org/sanctuary-type-identifiers/-/sanctuary-type-identifiers-3.0.0.tgz",
          "integrity": "sha512-YFXYcG0Ura1dSPd/1xLYtE2XAWUEsBHhMTZvYBOvwT8MeFQwdUOCMm2DC+r94z6H93FVq0qxDac8/D7QpJj6Mg=="
        }
      }
    },
    "sanctuary-def": {
      "version": "0.21.1",
      "resolved": "https://registry.npmjs.org/sanctuary-def/-/sanctuary-def-0.21.1.tgz",
      "integrity": "sha512-TmsAahZZiNzPMzyL2FXdZsygFlpz5uqzLbhBqJZFOTNTTZa99aJUa4pxSnA5tK3jvMOK2le1qsBd2q2Ra4K+cw==",
      "requires": {
        "sanctuary-either": "2.1.0",
        "sanctuary-show": "2.0.0",
        "sanctuary-type-classes": "12.1.0",
        "sanctuary-type-identifiers": "3.0.0"
      },
      "dependencies": {
        "sanctuary-type-identifiers": {
          "version": "3.0.0",
          "resolved": "https://registry.npmjs.org/sanctuary-type-identifiers/-/sanctuary-type-identifiers-3.0.0.tgz",
          "integrity": "sha512-YFXYcG0Ura1dSPd/1xLYtE2XAWUEsBHhMTZvYBOvwT8MeFQwdUOCMm2DC+r94z6H93FVq0qxDac8/D7QpJj6Mg=="
        }
      }
    },
    "sanctuary-either": {
      "version": "2.1.0",
      "resolved": "https://registry.npmjs.org/sanctuary-either/-/sanctuary-either-2.1.0.tgz",
      "integrity": "sha512-AsQCma2yGAVS7Dlxme/09NZWQfcXBNylVmkuvarp8uOe9otSwClOgQyyePN2OxO4hTf3Au1Ck4ggm+97Je06kA==",
      "requires": {
        "sanctuary-show": "2.0.0",
        "sanctuary-type-classes": "12.1.0"
      }
    },
    "sanctuary-maybe": {
      "version": "2.1.0",
      "resolved": "https://registry.npmjs.org/sanctuary-maybe/-/sanctuary-maybe-2.1.0.tgz",
      "integrity": "sha512-xCmvaEkYaIz5klWUrsgvgORKTL3bVYxATp7HyGBY0ZCu9tHJtSYDTpwnqMkRknHFIU986Kr2M/dJdiFvuc6UCQ==",
      "requires": {
        "sanctuary-show": "2.0.0",
        "sanctuary-type-classes": "12.1.0"
      }
    },
    "sanctuary-pair": {
      "version": "2.1.0",
      "resolved": "https://registry.npmjs.org/sanctuary-pair/-/sanctuary-pair-2.1.0.tgz",
      "integrity": "sha512-yY1JzzIJ/Ex7rjN8NmQLB7yv6GVzNeaMvxoYSW8w1ReLQI0n2sGOVCnAVipZuCv7wmfd+BavSXp59rklJeYytw==",
      "requires": {
        "sanctuary-show": "2.0.0",
        "sanctuary-type-classes": "12.1.0"
      }
    },
    "sanctuary-show": {
      "version": "2.0.0",
      "resolved": "https://registry.npmjs.org/sanctuary-show/-/sanctuary-show-2.0.0.tgz",
      "integrity": "sha512-REj4ZiioUXnDLj6EpJ9HcYDIEGaEexmB9Fg5o6InZR9f0x5PfnnC21QeU9SZ9E7G8zXSZPNjy8VRUK4safbesw=="
    },
    "sanctuary-type-classes": {
      "version": "12.1.0",
      "resolved": "https://registry.npmjs.org/sanctuary-type-classes/-/sanctuary-type-classes-12.1.0.tgz",
      "integrity": "sha512-oWP071Q88dEgJwxHLZp8tc7DoS+mWmYhYOuhP85zznPpIxV1ZjJfyRvcR59YCazyFxyFeBif7bJx1giLhDZW0Q==",
      "requires": {
        "sanctuary-type-identifiers": "3.0.0"
      },
      "dependencies": {
        "sanctuary-type-identifiers": {
          "version": "3.0.0",
          "resolved": "https://registry.npmjs.org/sanctuary-type-identifiers/-/sanctuary-type-identifiers-3.0.0.tgz",
          "integrity": "sha512-YFXYcG0Ura1dSPd/1xLYtE2XAWUEsBHhMTZvYBOvwT8MeFQwdUOCMm2DC+r94z6H93FVq0qxDac8/D7QpJj6Mg=="
        }
      }
    },
    "sanctuary-type-identifiers": {
      "version": "2.0.1",
      "resolved": "https://registry.npmjs.org/sanctuary-type-identifiers/-/sanctuary-type-identifiers-2.0.1.tgz",
      "integrity": "sha1-/FJM9t2Szr/LsN2VCe/xkxWaIO0="
    }
  }
}
